
Microsoft Visual Studio Solution File, Format Version 12.00
# Visual Studio Version 17
VisualStudioVersion = 17.11.35312.102
MinimumVisualStudioVersion = 10.0.40219.1
Project("{FAE04EC0-301F-11D3-BF4B-00C04F79EFBC}") = "PruebaPay", "PruebaPay.csproj", "{9C81AECC-BEAD-4B23-ABF8-29D07E3A9DF3}"
EndProject
Project("{FAE04EC0-301F-11D3-BF4B-00C04F79EFBC}") = "Core", "..\Core\Core.csproj", "{FED7DC46-FECE-47DA-977D-90666A7A732E}"
EndProject
Project("{FAE04EC0-301F-11D3-BF4B-00C04F79EFBC}") = "Infraestructura", "..\Infraestructura\Infraestructura.csproj", "{00FE0AA1-D3DD-48E6-A401-83BD516AE313}"
EndProject
Global
	GlobalSection(SolutionConfigurationPlatforms) = preSolution
		Debug|Any CPU = Debug|Any CPU
		Release|Any CPU = Release|Any CPU
	EndGlobalSection
	GlobalSection(ProjectConfigurationPlatforms) = postSolution
		{9C81AECC-BEAD-4B23-ABF8-29D07E3A9DF3}.Debug|Any CPU.ActiveCfg = Debug|Any CPU
		{9C81AECC-BEAD-4B23-ABF8-29D07E3A9DF3}.Debug|Any CPU.Build.0 = Debug|Any CPU
		{9C81AECC-BEAD-4B23-ABF8-29D07E3A9DF3}.Release|Any CPU.ActiveCfg = Release|Any CPU
		{9C81AECC-BEAD-4B23-ABF8-29D07E3A9DF3}.Release|Any CPU.Build.0 = Release|Any CPU
		{FED7DC46-FECE-47DA-977D-90666A7A732E}.Debug|Any CPU.ActiveCfg = Debug|Any CPU
		{FED7DC46-FECE-47DA-977D-90666A7A732E}.Debug|Any CPU.Build.0 = Debug|Any CPU
		{FED7DC46-FECE-47DA-977D-90666A7A732E}.Release|Any CPU.ActiveCfg = Release|Any CPU
		{FED7DC46-FECE-47DA-977D-90666A7A732E}.Release|Any CPU.Build.0 = Release|Any CPU
		{00FE0AA1-D3DD-48E6-A401-83BD516AE313}.Debug|Any CPU.ActiveCfg = Debug|Any CPU
		{00FE0AA1-D3DD-48E6-A401-83BD516AE313}.Debug|Any CPU.Build.0 = Debug|Any CPU
		{00FE0AA1-D3DD-48E6-A401-83BD516AE313}.Release|Any CPU.ActiveCfg = Release|Any CPU
		{00FE0AA1-D3DD-48E6-A401-83BD516AE313}.Release|Any CPU.Build.0 = Release|Any CPU
	EndGlobalSection
	GlobalSection(SolutionProperties) = preSolution
		HideSolutionNode = FALSE
	EndGlobalSection
	GlobalSection(ExtensibilityGlobals) = postSolution
		SolutionGuid = {FAA10382-A244-42C7-8440-2AAEAD15C3BD}
	EndGlobalSection
EndGlobal
